# THIS IS AN AUTOGENERATED FILE. DO NOT EDIT THIS FILE DIRECTLY.
# yarn lockfile v1


"@angular/material@12.2.1":
  version "12.2.1"
  resolved "https://registry.yarnpkg.com/@angular/material/-/material-12.2.1.tgz#0dbffdc1a6684ce6761c40705688a3857f76207f"
  integrity sha512-EvukOx8KQp1jhe3YpV3dfydBUm3BG9p/0lOB+hQA5V7kfZjT1ovqv08ASQ4vJ5o8FGDrmepGWHHe5+XxLqnFwA==
  dependencies:
    tslib "^2.2.0"

tslib@^2.2.0, tslib@^2.3.0:
  version "2.3.1"
  resolved "https://registry.yarnpkg.com/tslib/-/tslib-2.3.1.tgz#e8a335add5ceae51aa261d32a490158ef042ef01"
  integrity sha512-77EbyPPpMz+FRFRuAFlWMtmgUWGe9UOG2Z25NqCwiIjRhOf5iKGuzSe5P2w1laq+FkRy4p+PCuVkJSGkzTEKVw==
